
Microsoft Visual Studio Solution File, Format Version 12.00
# Visual Studio 15
VisualStudioVersion = 15.0.27703.2026
MinimumVisualStudioVersion = 10.0.40219.1
Project("{FAE04EC0-301F-11D3-BF4B-00C04F79EFBC}") = "GenericLinkedList", "GenericLinkedList\GenericLinkedList.csproj", "{6EF85ED9-281F-4559-B2B3-8FCF70EA21B9}"
EndProject
Global
	GlobalSection(SolutionConfigurationPlatforms) = preSolution
		Debug|Any CPU = Debug|Any CPU
		Release|Any CPU = Release|Any CPU
	EndGlobalSection
	GlobalSection(ProjectConfigurationPlatforms) = postSolution
		{6EF85ED9-281F-4559-B2B3-8FCF70EA21B9}.Debug|Any CPU.ActiveCfg = Debug|Any CPU
		{6EF85ED9-281F-4559-B2B3-8FCF70EA21B9}.Debug|Any CPU.Build.0 = Debug|Any CPU
		{6EF85ED9-281F-4559-B2B3-8FCF70EA21B9}.Release|Any CPU.ActiveCfg = Release|Any CPU
		{6EF85ED9-281F-4559-B2B3-8FCF70EA21B9}.Release|Any CPU.Build.0 = Release|Any CPU
	EndGlobalSection
	GlobalSection(SolutionProperties) = preSolution
		HideSolutionNode = FALSE
	EndGlobalSection
	GlobalSection(ExtensibilityGlobals) = postSolution
		SolutionGuid = {4821786F-DD05-4018-90ED-3174F986066B}
	EndGlobalSection
EndGlobal
